
Microsoft Visual Studio Solution File, Format Version 12.00
# Visual Studio 15
VisualStudioVersion = 15.0.28010.2036
MinimumVisualStudioVersion = 10.0.40219.1
Project("{FAE04EC0-301F-11D3-BF4B-00C04F79EFBC}") = "mySecondForexApp", "mySecondForexApp\mySecondForexApp.csproj", "{3B32FC39-6D0D-4CD7-9931-6C32F3E741A0}"
EndProject
Global
	GlobalSection(SolutionConfigurationPlatforms) = preSolution
		Debug|Any CPU = Debug|Any CPU
		Release|Any CPU = Release|Any CPU
	EndGlobalSection
	GlobalSection(ProjectConfigurationPlatforms) = postSolution
		{3B32FC39-6D0D-4CD7-9931-6C32F3E741A0}.Debug|Any CPU.ActiveCfg = Debug|Any CPU
		{3B32FC39-6D0D-4CD7-9931-6C32F3E741A0}.Debug|Any CPU.Build.0 = Debug|Any CPU
		{3B32FC39-6D0D-4CD7-9931-6C32F3E741A0}.Release|Any CPU.ActiveCfg = Release|Any CPU
		{3B32FC39-6D0D-4CD7-9931-6C32F3E741A0}.Release|Any CPU.Build.0 = Release|Any CPU
	EndGlobalSection
	GlobalSection(SolutionProperties) = preSolution
		HideSolutionNode = FALSE
	EndGlobalSection
	GlobalSection(ExtensibilityGlobals) = postSolution
		SolutionGuid = {C759BE1B-326E-46B1-8123-319D9EF8B07A}
	EndGlobalSection
EndGlobal
